
Microsoft Visual Studio Solution File, Format Version 12.00
# Visual Studio 14
VisualStudioVersion = 14.0.25420.1
MinimumVisualStudioVersion = 10.0.40219.1
Project("{FAE04EC0-301F-11D3-BF4B-00C04F79EFBC}") = "MVC_Voorbeeld1", "MVC_Voorbeeld1\MVC_Voorbeeld1.csproj", "{FCBAAA53-C847-4289-9B18-6DD98B34D6E6}"
EndProject
Project("{FAE04EC0-301F-11D3-BF4B-00C04F79EFBC}") = "MVC_Voorbeeld2", "MVC_Voorbeeld2\MVC_Voorbeeld2.csproj", "{CE802D1C-7D58-4080-9E69-299B2114D1D7}"
EndProject
Project("{FAE04EC0-301F-11D3-BF4B-00C04F79EFBC}") = "MVC_BierenApplication", "MVC_BierenApplication\MVC_BierenApplication.csproj", "{DD659ED9-ACA6-4563-8A63-5B5666FB1139}"
EndProject
Project("{FAE04EC0-301F-11D3-BF4B-00C04F79EFBC}") = "MVC_Voorbeeld3", "MVC_Voorbeeld3\MVC_Voorbeeld3.csproj", "{939D93A1-74B7-4B0E-8678-7FE75BE37747}"
EndProject
Project("{FAE04EC0-301F-11D3-BF4B-00C04F79EFBC}") = "MVC_Tuincentrum", "MVC_Tuincentrum\MVC_Tuincentrum.csproj", "{306F578D-8872-4755-AF79-64E193914FCC}"
EndProject
Project("{FAE04EC0-301F-11D3-BF4B-00C04F79EFBC}") = "MVC_Areas", "MVC_Areas\MVC_Areas.csproj", "{F2374625-0F2B-44F1-AA29-4E8BCF8A00CB}"
EndProject
Project("{FAE04EC0-301F-11D3-BF4B-00C04F79EFBC}") = "MVC_Security", "MVC_Security\MVC_Security.csproj", "{C41DBFD4-B3B8-4683-9145-C60CD2EC48C1}"
EndProject
Global
	GlobalSection(SolutionConfigurationPlatforms) = preSolution
		Debug|Any CPU = Debug|Any CPU
		Release|Any CPU = Release|Any CPU
	EndGlobalSection
	GlobalSection(ProjectConfigurationPlatforms) = postSolution
		{FCBAAA53-C847-4289-9B18-6DD98B34D6E6}.Debug|Any CPU.ActiveCfg = Debug|Any CPU
		{FCBAAA53-C847-4289-9B18-6DD98B34D6E6}.Debug|Any CPU.Build.0 = Debug|Any CPU
		{FCBAAA53-C847-4289-9B18-6DD98B34D6E6}.Release|Any CPU.ActiveCfg = Release|Any CPU
		{FCBAAA53-C847-4289-9B18-6DD98B34D6E6}.Release|Any CPU.Build.0 = Release|Any CPU
		{CE802D1C-7D58-4080-9E69-299B2114D1D7}.Debug|Any CPU.ActiveCfg = Debug|Any CPU
		{CE802D1C-7D58-4080-9E69-299B2114D1D7}.Debug|Any CPU.Build.0 = Debug|Any CPU
		{CE802D1C-7D58-4080-9E69-299B2114D1D7}.Release|Any CPU.ActiveCfg = Release|Any CPU
		{CE802D1C-7D58-4080-9E69-299B2114D1D7}.Release|Any CPU.Build.0 = Release|Any CPU
		{DD659ED9-ACA6-4563-8A63-5B5666FB1139}.Debug|Any CPU.ActiveCfg = Debug|Any CPU
		{DD659ED9-ACA6-4563-8A63-5B5666FB1139}.Debug|Any CPU.Build.0 = Debug|Any CPU
		{DD659ED9-ACA6-4563-8A63-5B5666FB1139}.Release|Any CPU.ActiveCfg = Release|Any CPU
		{DD659ED9-ACA6-4563-8A63-5B5666FB1139}.Release|Any CPU.Build.0 = Release|Any CPU
		{939D93A1-74B7-4B0E-8678-7FE75BE37747}.Debug|Any CPU.ActiveCfg = Debug|Any CPU
		{939D93A1-74B7-4B0E-8678-7FE75BE37747}.Debug|Any CPU.Build.0 = Debug|Any CPU
		{939D93A1-74B7-4B0E-8678-7FE75BE37747}.Release|Any CPU.ActiveCfg = Release|Any CPU
		{939D93A1-74B7-4B0E-8678-7FE75BE37747}.Release|Any CPU.Build.0 = Release|Any CPU
		{306F578D-8872-4755-AF79-64E193914FCC}.Debug|Any CPU.ActiveCfg = Debug|Any CPU
		{306F578D-8872-4755-AF79-64E193914FCC}.Debug|Any CPU.Build.0 = Debug|Any CPU
		{306F578D-8872-4755-AF79-64E193914FCC}.Release|Any CPU.ActiveCfg = Release|Any CPU
		{306F578D-8872-4755-AF79-64E193914FCC}.Release|Any CPU.Build.0 = Release|Any CPU
		{F2374625-0F2B-44F1-AA29-4E8BCF8A00CB}.Debug|Any CPU.ActiveCfg = Debug|Any CPU
		{F2374625-0F2B-44F1-AA29-4E8BCF8A00CB}.Debug|Any CPU.Build.0 = Debug|Any CPU
		{F2374625-0F2B-44F1-AA29-4E8BCF8A00CB}.Release|Any CPU.ActiveCfg = Release|Any CPU
		{F2374625-0F2B-44F1-AA29-4E8BCF8A00CB}.Release|Any CPU.Build.0 = Release|Any CPU
		{C41DBFD4-B3B8-4683-9145-C60CD2EC48C1}.Debug|Any CPU.ActiveCfg = Debug|Any CPU
		{C41DBFD4-B3B8-4683-9145-C60CD2EC48C1}.Debug|Any CPU.Build.0 = Debug|Any CPU
		{C41DBFD4-B3B8-4683-9145-C60CD2EC48C1}.Release|Any CPU.ActiveCfg = Release|Any CPU
		{C41DBFD4-B3B8-4683-9145-C60CD2EC48C1}.Release|Any CPU.Build.0 = Release|Any CPU
	EndGlobalSection
	GlobalSection(SolutionProperties) = preSolution
		HideSolutionNode = FALSE
	EndGlobalSection
EndGlobal
